
Microsoft Visual Studio Solution File, Format Version 12.00
# Visual Studio Version 17
VisualStudioVersion = 17.6.33723.286
MinimumVisualStudioVersion = 10.0.40219.1
Project("{8BC9CEB8-8B4A-11D0-8D11-00A0C91BC942}") = "TCPClient", "TCPClient\TCPClient.vcxproj", "{E957A9F8-C362-4067-B673-C832CF93343A}"
EndProject
Project("{8BC9CEB8-8B4A-11D0-8D11-00A0C91BC942}") = "TCPServer", "TCPServer\TCPServer.vcxproj", "{28876D43-36E5-40F2-BCD6-9A680D00DD85}"
EndProject
Project("{8BC9CEB8-8B4A-11D0-8D11-00A0C91BC942}") = "TCPServerWithSelect", "TCPServerWithSelect\TCPServerWithSelect.vcxproj", "{2F40B5BB-DE41-4CD3-A781-617CA74EAAE5}"
EndProject
Project("{8BC9CEB8-8B4A-11D0-8D11-00A0C91BC942}") = "UDPServer", "UDPServer\UDPServer.vcxproj", "{CBFA92D4-4421-4DC0-87D7-F5CB7BA29DB5}"
EndProject
Project("{8BC9CEB8-8B4A-11D0-8D11-00A0C91BC942}") = "UDPClient", "UDPClient\UDPClient.vcxproj", "{E18F90BF-6500-4714-B496-F47ED4BC2EF1}"
EndProject
Project("{8BC9CEB8-8B4A-11D0-8D11-00A0C91BC942}") = "UDPClientGFX", "UDPClientGFX\UDPClientGFX.vcxproj", "{D768E111-EEC3-4F3F-8D6A-EC7C137EEB9C}"
EndProject
Project("{8BC9CEB8-8B4A-11D0-8D11-00A0C91BC942}") = "UDPServerCLI", "UDPServerCLI\UDPServerCLI.vcxproj", "{EB2FFE51-94C4-4BEB-9E77-2D67DF07DD01}"
EndProject
Global
	GlobalSection(SolutionConfigurationPlatforms) = preSolution
		Debug|x64 = Debug|x64
		Debug|x86 = Debug|x86
		Release|x64 = Release|x64
		Release|x86 = Release|x86
	EndGlobalSection
	GlobalSection(ProjectConfigurationPlatforms) = postSolution
		{E957A9F8-C362-4067-B673-C832CF93343A}.Debug|x64.ActiveCfg = Debug|x64
		{E957A9F8-C362-4067-B673-C832CF93343A}.Debug|x64.Build.0 = Debug|x64
		{E957A9F8-C362-4067-B673-C832CF93343A}.Debug|x86.ActiveCfg = Debug|Win32
		{E957A9F8-C362-4067-B673-C832CF93343A}.Debug|x86.Build.0 = Debug|Win32
		{E957A9F8-C362-4067-B673-C832CF93343A}.Release|x64.ActiveCfg = Release|x64
		{E957A9F8-C362-4067-B673-C832CF93343A}.Release|x64.Build.0 = Release|x64
		{E957A9F8-C362-4067-B673-C832CF93343A}.Release|x86.ActiveCfg = Release|Win32
		{E957A9F8-C362-4067-B673-C832CF93343A}.Release|x86.Build.0 = Release|Win32
		{28876D43-36E5-40F2-BCD6-9A680D00DD85}.Debug|x64.ActiveCfg = Debug|x64
		{28876D43-36E5-40F2-BCD6-9A680D00DD85}.Debug|x64.Build.0 = Debug|x64
		{28876D43-36E5-40F2-BCD6-9A680D00DD85}.Debug|x86.ActiveCfg = Debug|Win32
		{28876D43-36E5-40F2-BCD6-9A680D00DD85}.Debug|x86.Build.0 = Debug|Win32
		{28876D43-36E5-40F2-BCD6-9A680D00DD85}.Release|x64.ActiveCfg = Release|x64
		{28876D43-36E5-40F2-BCD6-9A680D00DD85}.Release|x64.Build.0 = Release|x64
		{28876D43-36E5-40F2-BCD6-9A680D00DD85}.Release|x86.ActiveCfg = Release|Win32
		{28876D43-36E5-40F2-BCD6-9A680D00DD85}.Release|x86.Build.0 = Release|Win32
		{2F40B5BB-DE41-4CD3-A781-617CA74EAAE5}.Debug|x64.ActiveCfg = Debug|x64
		{2F40B5BB-DE41-4CD3-A781-617CA74EAAE5}.Debug|x64.Build.0 = Debug|x64
		{2F40B5BB-DE41-4CD3-A781-617CA74EAAE5}.Debug|x86.ActiveCfg = Debug|Win32
		{2F40B5BB-DE41-4CD3-A781-617CA74EAAE5}.Debug|x86.Build.0 = Debug|Win32
		{2F40B5BB-DE41-4CD3-A781-617CA74EAAE5}.Release|x64.ActiveCfg = Release|x64
		{2F40B5BB-DE41-4CD3-A781-617CA74EAAE5}.Release|x64.Build.0 = Release|x64
		{2F40B5BB-DE41-4CD3-A781-617CA74EAAE5}.Release|x86.ActiveCfg = Release|Win32
		{2F40B5BB-DE41-4CD3-A781-617CA74EAAE5}.Release|x86.Build.0 = Release|Win32
		{CBFA92D4-4421-4DC0-87D7-F5CB7BA29DB5}.Debug|x64.ActiveCfg = Debug|x64
		{CBFA92D4-4421-4DC0-87D7-F5CB7BA29DB5}.Debug|x64.Build.0 = Debug|x64
		{CBFA92D4-4421-4DC0-87D7-F5CB7BA29DB5}.Debug|x86.ActiveCfg = Debug|Win32
		{CBFA92D4-4421-4DC0-87D7-F5CB7BA29DB5}.Debug|x86.Build.0 = Debug|Win32
		{CBFA92D4-4421-4DC0-87D7-F5CB7BA29DB5}.Release|x64.ActiveCfg = Release|x64
		{CBFA92D4-4421-4DC0-87D7-F5CB7BA29DB5}.Release|x64.Build.0 = Release|x64
		{CBFA92D4-4421-4DC0-87D7-F5CB7BA29DB5}.Release|x86.ActiveCfg = Release|Win32
		{CBFA92D4-4421-4DC0-87D7-F5CB7BA29DB5}.Release|x86.Build.0 = Release|Win32
		{E18F90BF-6500-4714-B496-F47ED4BC2EF1}.Debug|x64.ActiveCfg = Debug|x64
		{E18F90BF-6500-4714-B496-F47ED4BC2EF1}.Debug|x64.Build.0 = Debug|x64
		{E18F90BF-6500-4714-B496-F47ED4BC2EF1}.Debug|x86.ActiveCfg = Debug|Win32
		{E18F90BF-6500-4714-B496-F47ED4BC2EF1}.Debug|x86.Build.0 = Debug|Win32
		{E18F90BF-6500-4714-B496-F47ED4BC2EF1}.Release|x64.ActiveCfg = Release|x64
		{E18F90BF-6500-4714-B496-F47ED4BC2EF1}.Release|x64.Build.0 = Release|x64
		{E18F90BF-6500-4714-B496-F47ED4BC2EF1}.Release|x86.ActiveCfg = Release|Win32
		{E18F90BF-6500-4714-B496-F47ED4BC2EF1}.Release|x86.Build.0 = Release|Win32
		{D768E111-EEC3-4F3F-8D6A-EC7C137EEB9C}.Debug|x64.ActiveCfg = Debug|x64
		{D768E111-EEC3-4F3F-8D6A-EC7C137EEB9C}.Debug|x64.Build.0 = Debug|x64
		{D768E111-EEC3-4F3F-8D6A-EC7C137EEB9C}.Debug|x86.ActiveCfg = Debug|Win32
		{D768E111-EEC3-4F3F-8D6A-EC7C137EEB9C}.Debug|x86.Build.0 = Debug|Win32
		{D768E111-EEC3-4F3F-8D6A-EC7C137EEB9C}.Release|x64.ActiveCfg = Release|x64
		{D768E111-EEC3-4F3F-8D6A-EC7C137EEB9C}.Release|x64.Build.0 = Release|x64
		{D768E111-EEC3-4F3F-8D6A-EC7C137EEB9C}.Release|x86.ActiveCfg = Release|Win32
		{D768E111-EEC3-4F3F-8D6A-EC7C137EEB9C}.Release|x86.Build.0 = Release|Win32
		{EB2FFE51-94C4-4BEB-9E77-2D67DF07DD01}.Debug|x64.ActiveCfg = Debug|x64
		{EB2FFE51-94C4-4BEB-9E77-2D67DF07DD01}.Debug|x64.Build.0 = Debug|x64
		{EB2FFE51-94C4-4BEB-9E77-2D67DF07DD01}.Debug|x86.ActiveCfg = Debug|Win32
		{EB2FFE51-94C4-4BEB-9E77-2D67DF07DD01}.Debug|x86.Build.0 = Debug|Win32
		{EB2FFE51-94C4-4BEB-9E77-2D67DF07DD01}.Release|x64.ActiveCfg = Release|x64
		{EB2FFE51-94C4-4BEB-9E77-2D67DF07DD01}.Release|x64.Build.0 = Release|x64
		{EB2FFE51-94C4-4BEB-9E77-2D67DF07DD01}.Release|x86.ActiveCfg = Release|Win32
		{EB2FFE51-94C4-4BEB-9E77-2D67DF07DD01}.Release|x86.Build.0 = Release|Win32
	EndGlobalSection
	GlobalSection(SolutionProperties) = preSolution
		HideSolutionNode = FALSE
	EndGlobalSection
	GlobalSection(ExtensibilityGlobals) = postSolution
		SolutionGuid = {08110823-B1DA-46C9-A341-564995751472}
	EndGlobalSection
EndGlobal
