<?xml version="1.0" encoding="utf-8"?>
<Project ToolsVersion="4.0" xmlns="http://schemas.microsoft.com/developer/msbuild/2003">
  <ItemGroup>
    <Filter Include="Source Files">
      <UniqueIdentifier>{4FC737F1-C7A5-4376-A066-2A32D752A2FF}</UniqueIdentifier>
      <Extensions>cpp;c;cc;cxx;c++;cppm;ixx;def;odl;idl;hpj;bat;asm;asmx</Extensions>
    </Filter>
    <Filter Include="Header Files">
      <UniqueIdentifier>{93995380-89BD-4b04-88EB-625FBE52EBFB}</UniqueIdentifier>
      <Extensions>h;hh;hpp;hxx;h++;hm;inl;inc;ipp;xsd</Extensions>
    </Filter>
    <Filter Include="Resource Files">
      <UniqueIdentifier>{67DA6AB6-F800-4c08-8B7A-83BB121AAD01}</UniqueIdentifier>
      <Extensions>rc;ico;cur;bmp;dlg;rc2;rct;bin;rgs;gif;jpg;jpeg;jpe;resx;tiff;tif;png;wav;mfcribbon-ms</Extensions>
    </Filter>
  </ItemGroup>
  <ItemGroup>
    <ClCompile Include="main.cpp">
      <Filter>Source Files</Filter>
    </ClCompile>
    <ClCompile Include="engine\engine.cpp">
      <Filter>Source Files</Filter>
    </ClCompile>
    <ClCompile Include="graphics\light.cpp">
      <Filter>Source Files</Filter>
    </ClCompile>
    <ClCompile Include="graphics\render.cpp">
      <Filter>Source Files</Filter>
    </ClCompile>
    <ClCompile Include="graphics\shader.cpp">
      <Filter>Source Files</Filter>
    </ClCompile>
    <ClCompile Include="graphics\texture.cpp">
      <Filter>Source Files</Filter>
    </ClCompile>
    <ClCompile Include="network\networkmanager.cpp">
      <Filter>Source Files</Filter>
    </ClCompile>
    <ClCompile Include="physics\physics.cpp">
      <Filter>Source Files</Filter>
    </ClCompile>
    <ClCompile Include="system\entity.cpp">
      <Filter>Source Files</Filter>
    </ClCompile>
    <ClCompile Include="common.cpp">
      <Filter>Source Files</Filter>
    </ClCompile>
    <ClCompile Include="gameplay\gameworld.cpp">
      <Filter>Source Files</Filter>
    </ClCompile>
    <ClCompile Include="gameplay\player.cpp">
      <Filter>Source Files</Filter>
    </ClCompile>
    <ClCompile Include="graphics\material.cpp">
      <Filter>Source Files</Filter>
    </ClCompile>
    <ClCompile Include="system\component.cpp">
      <Filter>Source Files</Filter>
    </ClCompile>
    <ClCompile Include="system\system.cpp">
      <Filter>Source Files</Filter>
    </ClCompile>
    <ClCompile Include="system\input.cpp">
      <Filter>Source Files</Filter>
    </ClCompile>
    <ClCompile Include="system\entitymanager.cpp">
      <Filter>Source Files</Filter>
    </ClCompile>
    <ClCompile Include="graphics\shaderprogram.cpp">
      <Filter>Source Files</Filter>
    </ClCompile>
    <ClCompile Include="network\netcomponent.cpp">
      <Filter>Source Files</Filter>
    </ClCompile>
    <ClCompile Include="graphics\transformcomponent.cpp">
      <Filter>Source Files</Filter>
    </ClCompile>
    <ClCompile Include="graphics\model.cpp">
      <Filter>Source Files</Filter>
    </ClCompile>
    <ClCompile Include="gameplay\rotatesystem.cpp">
      <Filter>Source Files</Filter>
    </ClCompile>
    <ClCompile Include="gameplay\playermovementsystem.cpp">
      <Filter>Source Files</Filter>
    </ClCompile>
  </ItemGroup>
  <ItemGroup>
    <ClInclude Include="engine\engine.h">
      <Filter>Header Files</Filter>
    </ClInclude>
    <ClInclude Include="graphics\light.h">
      <Filter>Header Files</Filter>
    </ClInclude>
    <ClInclude Include="graphics\render.h">
      <Filter>Header Files</Filter>
    </ClInclude>
    <ClInclude Include="graphics\shader.h">
      <Filter>Header Files</Filter>
    </ClInclude>
    <ClInclude Include="graphics\texture.h">
      <Filter>Header Files</Filter>
    </ClInclude>
    <ClInclude Include="network\networkmanager.h">
      <Filter>Header Files</Filter>
    </ClInclude>
    <ClInclude Include="physics\physics.h">
      <Filter>Header Files</Filter>
    </ClInclude>
    <ClInclude Include="system\entity.h">
      <Filter>Header Files</Filter>
    </ClInclude>
    <ClInclude Include="common.h">
      <Filter>Header Files</Filter>
    </ClInclude>
    <ClInclude Include="gameplay\gameworld.h">
      <Filter>Header Files</Filter>
    </ClInclude>
    <ClInclude Include="gameplay\player.h">
      <Filter>Header Files</Filter>
    </ClInclude>
    <ClInclude Include="graphics\material.h">
      <Filter>Header Files</Filter>
    </ClInclude>
    <ClInclude Include="system\component.h">
      <Filter>Header Files</Filter>
    </ClInclude>
    <ClInclude Include="system\system.h">
      <Filter>Header Files</Filter>
    </ClInclude>
    <ClInclude Include="system\input.h">
      <Filter>Header Files</Filter>
    </ClInclude>
    <ClInclude Include="system\entitymanager.h">
      <Filter>Header Files</Filter>
    </ClInclude>
    <ClInclude Include="graphics\meshrenderercomponent.h">
      <Filter>Header Files</Filter>
    </ClInclude>
    <ClInclude Include="graphics\shaderprogram.h">
      <Filter>Header Files</Filter>
    </ClInclude>
    <ClInclude Include="network\netcomponent.h">
      <Filter>Header Files</Filter>
    </ClInclude>
    <ClInclude Include="graphics\transformcomponent.h">
      <Filter>Header Files</Filter>
    </ClInclude>
    <ClInclude Include="graphics\common.h">
      <Filter>Header Files</Filter>
    </ClInclude>
    <ClInclude Include="graphics\model.h">
      <Filter>Header Files</Filter>
    </ClInclude>
    <ClInclude Include="gameplay\rotatecomponent.h">
      <Filter>Header Files</Filter>
    </ClInclude>
    <ClInclude Include="gameplay\rotatesystem.h">
      <Filter>Header Files</Filter>
    </ClInclude>
    <ClInclude Include="gameplay\playercontrollercomponent.h">
      <Filter>Header Files</Filter>
    </ClInclude>
    <ClInclude Include="gameplay\playermovementsystem.h">
      <Filter>Header Files</Filter>
    </ClInclude>
  </ItemGroup>
</Project>